
Microsoft Visual Studio Solution File, Format Version 12.00
# Visual Studio Version 16
VisualStudioVersion = 16.0.30128.74
MinimumVisualStudioVersion = 10.0.40219.1
Project("{FAE04EC0-301F-11D3-BF4B-00C04F79EFBC}") = "SampleBackendApp", "SampleBackendApp\SampleBackendApp.csproj", "{5D01A0D0-84E2-45CB-9A01-4E82B0980156}"
EndProject
Global
	GlobalSection(SolutionConfigurationPlatforms) = preSolution
		Debug|Any CPU = Debug|Any CPU
		Release|Any CPU = Release|Any CPU
	EndGlobalSection
	GlobalSection(ProjectConfigurationPlatforms) = postSolution
		{5D01A0D0-84E2-45CB-9A01-4E82B0980156}.Debug|Any CPU.ActiveCfg = Debug|Any CPU
		{5D01A0D0-84E2-45CB-9A01-4E82B0980156}.Debug|Any CPU.Build.0 = Debug|Any CPU
		{5D01A0D0-84E2-45CB-9A01-4E82B0980156}.Release|Any CPU.ActiveCfg = Release|Any CPU
		{5D01A0D0-84E2-45CB-9A01-4E82B0980156}.Release|Any CPU.Build.0 = Release|Any CPU
	EndGlobalSection
	GlobalSection(SolutionProperties) = preSolution
		HideSolutionNode = FALSE
	EndGlobalSection
	GlobalSection(ExtensibilityGlobals) = postSolution
		SolutionGuid = {3292A39B-22AB-4376-85B9-8F401631EABA}
	EndGlobalSection
EndGlobal
